
Microsoft Visual Studio Solution File, Format Version 12.00
# Visual Studio 15
VisualStudioVersion = 15.0.28307.136
MinimumVisualStudioVersion = 10.0.40219.1
Project("{FAE04EC0-301F-11D3-BF4B-00C04F79EFBC}") = "P01_BillsPaymentSystem", "P01_BillsPaymentSystem\P01_BillsPaymentSystem.csproj", "{92AC3523-1FD5-4E5C-B53D-5E96A6E1D369}"
EndProject
Project("{FAE04EC0-301F-11D3-BF4B-00C04F79EFBC}") = "P01_BillsPaymentSystem.Data", "P01_BillsPaymentSystem.Data\P01_BillsPaymentSystem.Data.csproj", "{9AE1A792-2E04-4D4F-9F4A-B36BB631CE15}"
EndProject
Project("{FAE04EC0-301F-11D3-BF4B-00C04F79EFBC}") = "P01_BillsPaymentSystem.Data.Models", "P01_BillsPaymentSystem.Data.Models\P01_BillsPaymentSystem.Data.Models.csproj", "{7387A650-9136-438D-8CFB-1E390B0DB9E6}"
EndProject
Global
	GlobalSection(SolutionConfigurationPlatforms) = preSolution
		Debug|Any CPU = Debug|Any CPU
		Release|Any CPU = Release|Any CPU
	EndGlobalSection
	GlobalSection(ProjectConfigurationPlatforms) = postSolution
		{92AC3523-1FD5-4E5C-B53D-5E96A6E1D369}.Debug|Any CPU.ActiveCfg = Debug|Any CPU
		{92AC3523-1FD5-4E5C-B53D-5E96A6E1D369}.Debug|Any CPU.Build.0 = Debug|Any CPU
		{92AC3523-1FD5-4E5C-B53D-5E96A6E1D369}.Release|Any CPU.ActiveCfg = Release|Any CPU
		{92AC3523-1FD5-4E5C-B53D-5E96A6E1D369}.Release|Any CPU.Build.0 = Release|Any CPU
		{9AE1A792-2E04-4D4F-9F4A-B36BB631CE15}.Debug|Any CPU.ActiveCfg = Debug|Any CPU
		{9AE1A792-2E04-4D4F-9F4A-B36BB631CE15}.Debug|Any CPU.Build.0 = Debug|Any CPU
		{9AE1A792-2E04-4D4F-9F4A-B36BB631CE15}.Release|Any CPU.ActiveCfg = Release|Any CPU
		{9AE1A792-2E04-4D4F-9F4A-B36BB631CE15}.Release|Any CPU.Build.0 = Release|Any CPU
		{7387A650-9136-438D-8CFB-1E390B0DB9E6}.Debug|Any CPU.ActiveCfg = Debug|Any CPU
		{7387A650-9136-438D-8CFB-1E390B0DB9E6}.Debug|Any CPU.Build.0 = Debug|Any CPU
		{7387A650-9136-438D-8CFB-1E390B0DB9E6}.Release|Any CPU.ActiveCfg = Release|Any CPU
		{7387A650-9136-438D-8CFB-1E390B0DB9E6}.Release|Any CPU.Build.0 = Release|Any CPU
	EndGlobalSection
	GlobalSection(SolutionProperties) = preSolution
		HideSolutionNode = FALSE
	EndGlobalSection
	GlobalSection(ExtensibilityGlobals) = postSolution
		SolutionGuid = {CC9311B7-9DBC-4C0C-939D-EF95A73EED3C}
	EndGlobalSection
EndGlobal
